
Microsoft Visual Studio Solution File, Format Version 12.00
# Visual Studio Version 17
VisualStudioVersion = 17.11.35219.272
MinimumVisualStudioVersion = 10.0.40219.1
Project("{FAE04EC0-301F-11D3-BF4B-00C04F79EFBC}") = "Functions", "Functions\Functions.csproj", "{8AD67B0B-9701-44A2-8C1A-A980C77CBD85}"
EndProject
Project("{FAE04EC0-301F-11D3-BF4B-00C04F79EFBC}") = "ArgumentsAndParameters", "ArgumentsAndParameters\ArgumentsAndParameters.csproj", "{7A1BF843-7067-466D-B001-39135A331D44}"
EndProject
Project("{FAE04EC0-301F-11D3-BF4B-00C04F79EFBC}") = "Calculator", "Calculator\Calculator.csproj", "{836C405A-35BF-4F2F-9944-09328206785C}"
EndProject
Project("{FAE04EC0-301F-11D3-BF4B-00C04F79EFBC}") = "DiscountCalculator", "DiscountCalculator\DiscountCalculator.csproj", "{1D18F263-9811-4CD8-9AEB-7E0709273643}"
EndProject
Global
	GlobalSection(SolutionConfigurationPlatforms) = preSolution
		Debug|Any CPU = Debug|Any CPU
		Release|Any CPU = Release|Any CPU
	EndGlobalSection
	GlobalSection(ProjectConfigurationPlatforms) = postSolution
		{8AD67B0B-9701-44A2-8C1A-A980C77CBD85}.Debug|Any CPU.ActiveCfg = Debug|Any CPU
		{8AD67B0B-9701-44A2-8C1A-A980C77CBD85}.Debug|Any CPU.Build.0 = Debug|Any CPU
		{8AD67B0B-9701-44A2-8C1A-A980C77CBD85}.Release|Any CPU.ActiveCfg = Release|Any CPU
		{8AD67B0B-9701-44A2-8C1A-A980C77CBD85}.Release|Any CPU.Build.0 = Release|Any CPU
		{7A1BF843-7067-466D-B001-39135A331D44}.Debug|Any CPU.ActiveCfg = Debug|Any CPU
		{7A1BF843-7067-466D-B001-39135A331D44}.Debug|Any CPU.Build.0 = Debug|Any CPU
		{7A1BF843-7067-466D-B001-39135A331D44}.Release|Any CPU.ActiveCfg = Release|Any CPU
		{7A1BF843-7067-466D-B001-39135A331D44}.Release|Any CPU.Build.0 = Release|Any CPU
		{836C405A-35BF-4F2F-9944-09328206785C}.Debug|Any CPU.ActiveCfg = Debug|Any CPU
		{836C405A-35BF-4F2F-9944-09328206785C}.Debug|Any CPU.Build.0 = Debug|Any CPU
		{836C405A-35BF-4F2F-9944-09328206785C}.Release|Any CPU.ActiveCfg = Release|Any CPU
		{836C405A-35BF-4F2F-9944-09328206785C}.Release|Any CPU.Build.0 = Release|Any CPU
		{1D18F263-9811-4CD8-9AEB-7E0709273643}.Debug|Any CPU.ActiveCfg = Debug|Any CPU
		{1D18F263-9811-4CD8-9AEB-7E0709273643}.Debug|Any CPU.Build.0 = Debug|Any CPU
		{1D18F263-9811-4CD8-9AEB-7E0709273643}.Release|Any CPU.ActiveCfg = Release|Any CPU
		{1D18F263-9811-4CD8-9AEB-7E0709273643}.Release|Any CPU.Build.0 = Release|Any CPU
	EndGlobalSection
	GlobalSection(SolutionProperties) = preSolution
		HideSolutionNode = FALSE
	EndGlobalSection
	GlobalSection(ExtensibilityGlobals) = postSolution
		SolutionGuid = {147B8F14-356F-466B-BA3C-61E7F2AF3DCC}
	EndGlobalSection
EndGlobal
